// !$*UTF8*$!
{
	archiveVersion = 1;
	classes = {
	};
	objectVersion = 50;
	objects = {

/* Begin PBXBuildFile section */
		B225EFE921ECB1650009EC33 /* AppDelegate.swift in Sources */ = {isa = PBXBuildFile; fileRef = B225EFE821ECB1650009EC33 /* AppDelegate.swift */; };
		B225EFEB21ECB1650009EC33 /* ViewController.swift in Sources */ = {isa = PBXBuildFile; fileRef = B225EFEA21ECB1650009EC33 /* ViewController.swift */; };
		B225EFEE21ECB1650009EC33 /* Main.storyboard in Resources */ = {isa = PBXBuildFile; fileRef = B225EFEC21ECB1650009EC33 /* Main.storyboard */; };
		B225EFF021ECB1680009EC33 /* Assets.xcassets in Resources */ = {isa = PBXBuildFile; fileRef = B225EFEF21ECB1680009EC33 /* Assets.xcassets */; };
		B225EFF321ECB1680009EC33 /* LaunchScreen.storyboard in Resources */ = {isa = PBXBuildFile; fileRef = B225EFF121ECB1680009EC33 /* LaunchScreen.storyboard */; };
		B225EFFE21ECB1680009EC33 /* MVPTests.swift in Sources */ = {isa = PBXBuildFile; fileRef = B225EFFD21ECB1680009EC33 /* MVPTests.swift */; };
		B225F00921ECB1680009EC33 /* MVPUITests.swift in Sources */ = {isa = PBXBuildFile; fileRef = B225F00821ECB1680009EC33 /* MVPUITests.swift */; };
		B225F01921ECB2BA0009EC33 /* GitHub.framework in Frameworks */ = {isa = PBXBuildFile; fileRef = B225F01821ECB2BA0009EC33 /* GitHub.framework */; };
/* End PBXBuildFile section */

/* Begin PBXContainerItemProxy section */
		B225EFFA21ECB1680009EC33 /* PBXContainerItemProxy */ = {
			isa = PBXContainerItemProxy;
			containerPortal = B225EFDD21ECB1650009EC33 /* Project object */;
			proxyType = 1;
			remoteGlobalIDString = B225EFE421ECB1650009EC33;
			remoteInfo = MVP;
		};
		B225F00521ECB1680009EC33 /* PBXContainerItemProxy */ = {
			isa = PBXContainerItemProxy;
			containerPortal = B225EFDD21ECB1650009EC33 /* Project object */;
			proxyType = 1;
			remoteGlobalIDString = B225EFE421ECB1650009EC33;
			remoteInfo = MVP;
		};
/* End PBXContainerItemProxy section */

/* Begin PBXFileReference section */
		B225EFE521ECB1650009EC33 /* MVP.app */ = {isa = PBXFileReference; explicitFileType = wrapper.application; includeInIndex = 0; path = MVP.app; sourceTree = BUILT_PRODUCTS_DIR; };
		B225EFE821ECB1650009EC33 /* AppDelegate.swift */ = {isa = PBXFileReference; lastKnownFileType = sourcecode.swift; path = AppDelegate.swift; sourceTree = "<group>"; };
		B225EFEA21ECB1650009EC33 /* ViewController.swift */ = {isa = PBXFileReference; lastKnownFileType = sourcecode.swift; path = ViewController.swift; sourceTree = "<group>"; };
		B225EFED21ECB1650009EC33 /* Base */ = {isa = PBXFileReference; lastKnownFileType = file.storyboard; name = Base; path = Base.lproj/Main.storyboard; sourceTree = "<group>"; };
		B225EFEF21ECB1680009EC33 /* Assets.xcassets */ = {isa = PBXFileReference; lastKnownFileType = folder.assetcatalog; path = Assets.xcassets; sourceTree = "<group>"; };
		B225EFF221ECB1680009EC33 /* Base */ = {isa = PBXFileReference; lastKnownFileType = file.storyboard; name = Base; path = Base.lproj/LaunchScreen.storyboard; sourceTree = "<group>"; };
		B225EFF421ECB1680009EC33 /* Info.plist */ = {isa = PBXFileReference; lastKnownFileType = text.plist.xml; path = Info.plist; sourceTree = "<group>"; };
		B225EFF921ECB1680009EC33 /* MVPTests.xctest */ = {isa = PBXFileReference; explicitFileType = wrapper.cfbundle; includeInIndex = 0; path = MVPTests.xctest; sourceTree = BUILT_PRODUCTS_DIR; };
		B225EFFD21ECB1680009EC33 /* MVPTests.swift */ = {isa = PBXFileReference; lastKnownFileType = sourcecode.swift; path = MVPTests.swift; sourceTree = "<group>"; };
		B225EFFF21ECB1680009EC33 /* Info.plist */ = {isa = PBXFileReference; lastKnownFileType = text.plist.xml; path = Info.plist; sourceTree = "<group>"; };
		B225F00421ECB1680009EC33 /* MVPUITests.xctest */ = {isa = PBXFileReference; explicitFileType = wrapper.cfbundle; includeInIndex = 0; path = MVPUITests.xctest; sourceTree = BUILT_PRODUCTS_DIR; };
		B225F00821ECB1680009EC33 /* MVPUITests.swift */ = {isa = PBXFileReference; lastKnownFileType = sourcecode.swift; path = MVPUITests.swift; sourceTree = "<group>"; };
		B225F00A21ECB1680009EC33 /* Info.plist */ = {isa = PBXFileReference; lastKnownFileType = text.plist.xml; path = Info.plist; sourceTree = "<group>"; };
		B225F01821ECB2BA0009EC33 /* GitHub.framework */ = {isa = PBXFileReference; explicitFileType = wrapper.framework; path = GitHub.framework; sourceTree = BUILT_PRODUCTS_DIR; };
/* End PBXFileReference section */

/* Begin PBXFrameworksBuildPhase section */
		B225EFE221ECB1650009EC33 /* Frameworks */ = {
			isa = PBXFrameworksBuildPhase;
			buildActionMask = 2147483647;
			files = (
				B225F01921ECB2BA0009EC33 /* GitHub.framework in Frameworks */,
			);
			runOnlyForDeploymentPostprocessing = 0;
		};
		B225EFF621ECB1680009EC33 /* Frameworks */ = {
			isa = PBXFrameworksBuildPhase;
			buildActionMask = 2147483647;
			files = (
			);
			runOnlyForDeploymentPostprocessing = 0;
		};
		B225F00121ECB1680009EC33 /* Frameworks */ = {
			isa = PBXFrameworksBuildPhase;
			buildActionMask = 2147483647;
			files = (
			);
			runOnlyForDeploymentPostprocessing = 0;
		};
/* End PBXFrameworksBuildPhase section */

/* Begin PBXGroup section */
		B225EFDC21ECB1650009EC33 = {
			isa = PBXGroup;
			children = (
				B225EFE721ECB1650009EC33 /* MVP */,
				B225EFFC21ECB1680009EC33 /* MVPTests */,
				B225F00721ECB1680009EC33 /* MVPUITests */,
				B225EFE621ECB1650009EC33 /* Products */,
				B225F01721ECB2BA0009EC33 /* Frameworks */,
			);
			sourceTree = "<group>";
		};
		B225EFE621ECB1650009EC33 /* Products */ = {
			isa = PBXGroup;
			children = (
				B225EFE521ECB1650009EC33 /* MVP.app */,
				B225EFF921ECB1680009EC33 /* MVPTests.xctest */,
				B225F00421ECB1680009EC33 /* MVPUITests.xctest */,
			);
			name = Products;
			sourceTree = "<group>";
		};
		B225EFE721ECB1650009EC33 /* MVP */ = {
			isa = PBXGroup;
			children = (
				B225EFE821ECB1650009EC33 /* AppDelegate.swift */,
				B225EFEA21ECB1650009EC33 /* ViewController.swift */,
				B225EFEC21ECB1650009EC33 /* Main.storyboard */,
				B225EFEF21ECB1680009EC33 /* Assets.xcassets */,
				B225EFF121ECB1680009EC33 /* LaunchScreen.storyboard */,
				B225EFF421ECB1680009EC33 /* Info.plist */,
			);
			path = MVP;
			sourceTree = "<group>";
		};
		B225EFFC21ECB1680009EC33 /* MVPTests */ = {
			isa = PBXGroup;
			children = (
				B225EFFD21ECB1680009EC33 /* MVPTests.swift */,
				B225EFFF21ECB1680009EC33 /* Info.plist */,
			);
			path = MVPTests;
			sourceTree = "<group>";
		};
		B225F00721ECB1680009EC33 /* MVPUITests */ = {
			isa = PBXGroup;
			children = (
				B225F00821ECB1680009EC33 /* MVPUITests.swift */,
				B225F00A21ECB1680009EC33 /* Info.plist */,
			);
			path = MVPUITests;
			sourceTree = "<group>";
		};
		B225F01721ECB2BA0009EC33 /* Frameworks */ = {
			isa = PBXGroup;
			children = (
				B225F01821ECB2BA0009EC33 /* GitHub.framework */,
			);
			name = Frameworks;
			sourceTree = "<group>";
		};
/* End PBXGroup section */

/* Begin PBXNativeTarget section */
		B225EFE421ECB1650009EC33 /* MVP */ = {
			isa = PBXNativeTarget;
			buildConfigurationList = B225F00D21ECB1680009EC33 /* Build configuration list for PBXNativeTarget "MVP" */;
			buildPhases = (
				B225EFE121ECB1650009EC33 /* Sources */,
				B225EFE221ECB1650009EC33 /* Frameworks */,
				B225EFE321ECB1650009EC33 /* Resources */,
			);
			buildRules = (
			);
			dependencies = (
			);
			name = MVP;
			productName = MVP;
			productReference = B225EFE521ECB1650009EC33 /* MVP.app */;
			productType = "com.apple.product-type.application";
		};
		B225EFF821ECB1680009EC33 /* MVPTests */ = {
			isa = PBXNativeTarget;
			buildConfigurationList = B225F01021ECB1680009EC33 /* Build configuration list for PBXNativeTarget "MVPTests" */;
			buildPhases = (
				B225EFF521ECB1680009EC33 /* Sources */,
				B225EFF621ECB1680009EC33 /* Frameworks */,
				B225EFF721ECB1680009EC33 /* Resources */,
			);
			buildRules = (
			);
			dependencies = (
				B225EFFB21ECB1680009EC33 /* PBXTargetDependency */,
			);
			name = MVPTests;
			productName = MVPTests;
			productReference = B225EFF921ECB1680009EC33 /* MVPTests.xctest */;
			productType = "com.apple.product-type.bundle.unit-test";
		};
		B225F00321ECB1680009EC33 /* MVPUITests */ = {
			isa = PBXNativeTarget;
			buildConfigurationList = B225F01321ECB1680009EC33 /* Build configuration list for PBXNativeTarget "MVPUITests" */;
			buildPhases = (
				B225F00021ECB1680009EC33 /* Sources */,
				B225F00121ECB1680009EC33 /* Frameworks */,
				B225F00221ECB1680009EC33 /* Resources */,
			);
			buildRules = (
			);
			dependencies = (
				B225F00621ECB1680009EC33 /* PBXTargetDependency */,
			);
			name = MVPUITests;
			productName = MVPUITests;
			productReference = B225F00421ECB1680009EC33 /* MVPUITests.xctest */;
			productType = "com.apple.product-type.bundle.ui-testing";
		};
/* End PBXNativeTarget section */

/* Begin PBXProject section */
		B225EFDD21ECB1650009EC33 /* Project object */ = {
			isa = PBXProject;
			attributes = {
				LastSwiftUpdateCheck = 1010;
				LastUpgradeCheck = 1010;
				ORGANIZATIONNAME = "佐藤賢";
				TargetAttributes = {
					B225EFE421ECB1650009EC33 = {
						CreatedOnToolsVersion = 10.1;
					};
					B225EFF821ECB1680009EC33 = {
						CreatedOnToolsVersion = 10.1;
						TestTargetID = B225EFE421ECB1650009EC33;
					};
					B225F00321ECB1680009EC33 = {
						CreatedOnToolsVersion = 10.1;
						TestTargetID = B225EFE421ECB1650009EC33;
					};
				};
			};
			buildConfigurationList = B225EFE021ECB1650009EC33 /* Build configuration list for PBXProject "MVP" */;
			compatibilityVersion = "Xcode 9.3";
			developmentRegion = en;
			hasScannedForEncodings = 0;
			knownRegions = (
				en,
				Base,
			);
			mainGroup = B225EFDC21ECB1650009EC33;
			productRefGroup = B225EFE621ECB1650009EC33 /* Products */;
			projectDirPath = "";
			projectRoot = "";
			targets = (
				B225EFE421ECB1650009EC33 /* MVP */,
				B225EFF821ECB1680009EC33 /* MVPTests */,
				B225F00321ECB1680009EC33 /* MVPUITests */,
			);
		};
/* End PBXProject section */

/* Begin PBXResourcesBuildPhase section */
		B225EFE321ECB1650009EC33 /* Resources */ = {
			isa = PBXResourcesBuildPhase;
			buildActionMask = 2147483647;
			files = (
				B225EFF321ECB1680009EC33 /* LaunchScreen.storyboard in Resources */,
				B225EFF021ECB1680009EC33 /* Assets.xcassets in Resources */,
				B225EFEE21ECB1650009EC33 /* Main.storyboard in Resources */,
			);
			runOnlyForDeploymentPostprocessing = 0;
		};
		B225EFF721ECB1680009EC33 /* Resources */ = {
			isa = PBXResourcesBuildPhase;
			buildActionMask = 2147483647;
			files = (
			);
			runOnlyForDeploymentPostprocessing = 0;
		};
		B225F00221ECB1680009EC33 /* Resources */ = {
			isa = PBXResourcesBuildPhase;
			buildActionMask = 2147483647;
			files = (
			);
			runOnlyForDeploymentPostprocessing = 0;
		};
/* End PBXResourcesBuildPhase section */

/* Begin PBXSourcesBuildPhase section */
		B225EFE121ECB1650009EC33 /* Sources */ = {
			isa = PBXSourcesBuildPhase;
			buildActionMask = 2147483647;
			files = (
				B225EFEB21ECB1650009EC33 /* ViewController.swift in Sources */,
				B225EFE921ECB1650009EC33 /* AppDelegate.swift in Sources */,
			);
			runOnlyForDeploymentPostprocessing = 0;
		};
		B225EFF521ECB1680009EC33 /* Sources */ = {
			isa = PBXSourcesBuildPhase;
			buildActionMask = 2147483647;
			files = (
				B225EFFE21ECB1680009EC33 /* MVPTests.swift in Sources */,
			);
			runOnlyForDeploymentPostprocessing = 0;
		};
		B225F00021ECB1680009EC33 /* Sources */ = {
			isa = PBXSourcesBuildPhase;
			buildActionMask = 2147483647;
			files = (
				B225F00921ECB1680009EC33 /* MVPUITests.swift in Sources */,
			);
			runOnlyForDeploymentPostprocessing = 0;
		};
/* End PBXSourcesBuildPhase section */

/* Begin PBXTargetDependency section */
		B225EFFB21ECB1680009EC33 /* PBXTargetDependency */ = {
			isa = PBXTargetDependency;
			target = B225EFE421ECB1650009EC33 /* MVP */;
			targetProxy = B225EFFA21ECB1680009EC33 /* PBXContainerItemProxy */;
		};
		B225F00621ECB1680009EC33 /* PBXTargetDependency */ = {
			isa = PBXTargetDependency;
			target = B225EFE421ECB1650009EC33 /* MVP */;
			targetProxy = B225F00521ECB1680009EC33 /* PBXContainerItemProxy */;
		};
/* End PBXTargetDependency section */

/* Begin PBXVariantGroup section */
		B225EFEC21ECB1650009EC33 /* Main.storyboard */ = {
			isa = PBXVariantGroup;
			children = (
				B225EFED21ECB1650009EC33 /* Base */,
			);
			name = Main.storyboard;
			sourceTree = "<group>";
		};
		B225EFF121ECB1680009EC33 /* LaunchScreen.storyboard */ = {
			isa = PBXVariantGroup;
			children = (
				B225EFF221ECB1680009EC33 /* Base */,
			);
			name = LaunchScreen.storyboard;
			sourceTree = "<group>";
		};
/* End PBXVariantGroup section */

/* Begin XCBuildConfiguration section */
		B225F00B21ECB1680009EC33 /* Debug */ = {
			isa = XCBuildConfiguration;
			buildSettings = {
				ALWAYS_SEARCH_USER_PATHS = NO;
				CLANG_ANALYZER_NONNULL = YES;
				CLANG_ANALYZER_NUMBER_OBJECT_CONVERSION = YES_AGGRESSIVE;
				CLANG_CXX_LANGUAGE_STANDARD = "gnu++14";
				CLANG_CXX_LIBRARY = "libc++";
				CLANG_ENABLE_MODULES = YES;
				CLANG_ENABLE_OBJC_ARC = YES;
				CLANG_ENABLE_OBJC_WEAK = YES;
				CLANG_WARN_BLOCK_CAPTURE_AUTORELEASING = YES;
				CLANG_WARN_BOOL_CONVERSION = YES;
				CLANG_WARN_COMMA = YES;
				CLANG_WARN_CONSTANT_CONVERSION = YES;
				CLANG_WARN_DEPRECATED_OBJC_IMPLEMENTATIONS = YES;
				CLANG_WARN_DIRECT_OBJC_ISA_USAGE = YES_ERROR;
				CLANG_WARN_DOCUMENTATION_COMMENTS = YES;
				CLANG_WARN_EMPTY_BODY = YES;
				CLANG_WARN_ENUM_CONVERSION = YES;
				CLANG_WARN_INFINITE_RECURSION = YES;
				CLANG_WARN_INT_CONVERSION = YES;
				CLANG_WARN_NON_LITERAL_NULL_CONVERSION = YES;
				CLANG_WARN_OBJC_IMPLICIT_RETAIN_SELF = YES;
				CLANG_WARN_OBJC_LITERAL_CONVERSION = YES;
				CLANG_WARN_OBJC_ROOT_CLASS = YES_ERROR;
				CLANG_WARN_RANGE_LOOP_ANALYSIS = YES;
				CLANG_WARN_STRICT_PROTOTYPES = YES;
				CLANG_WARN_SUSPICIOUS_MOVE = YES;
				CLANG_WARN_UNGUARDED_AVAILABILITY = YES_AGGRESSIVE;
				CLANG_WARN_UNREACHABLE_CODE = YES;
				CLANG_WARN__DUPLICATE_METHOD_MATCH = YES;
				CODE_SIGN_IDENTITY = "iPhone Developer";
				COPY_PHASE_STRIP = NO;
				DEBUG_INFORMATION_FORMAT = dwarf;
				ENABLE_STRICT_OBJC_MSGSEND = YES;
				ENABLE_TESTABILITY = YES;
				GCC_C_LANGUAGE_STANDARD = gnu11;
				GCC_DYNAMIC_NO_PIC = NO;
				GCC_NO_COMMON_BLOCKS = YES;
				GCC_OPTIMIZATION_LEVEL = 0;
				GCC_PREPROCESSOR_DEFINITIONS = (
					"DEBUG=1",
					"$(inherited)",
				);
				GCC_WARN_64_TO_32_BIT_CONVERSION = YES;
				GCC_WARN_ABOUT_RETURN_TYPE = YES_ERROR;
				GCC_WARN_UNDECLARED_SELECTOR = YES;
				GCC_WARN_UNINITIALIZED_AUTOS = YES_AGGRESSIVE;
				GCC_WARN_UNUSED_FUNCTION = YES;
				GCC_WARN_UNUSED_VARIABLE = YES;
				IPHONEOS_DEPLOYMENT_TARGET = 12.1;
				MTL_ENABLE_DEBUG_INFO = INCLUDE_SOURCE;
				MTL_FAST_MATH = YES;
				ONLY_ACTIVE_ARCH = YES;
				SDKROOT = iphoneos;
				SWIFT_ACTIVE_COMPILATION_CONDITIONS = DEBUG;
				SWIFT_OPTIMIZATION_LEVEL = "-Onone";
			};
			name = Debug;
		};
		B225F00C21ECB1680009EC33 /* Release */ = {
			isa = XCBuildConfiguration;
			buildSettings = {
				ALWAYS_SEARCH_USER_PATHS = NO;
				CLANG_ANALYZER_NONNULL = YES;
				CLANG_ANALYZER_NUMBER_OBJECT_CONVERSION = YES_AGGRESSIVE;
				CLANG_CXX_LANGUAGE_STANDARD = "gnu++14";
				CLANG_CXX_LIBRARY = "libc++";
				CLANG_ENABLE_MODULES = YES;
				CLANG_ENABLE_OBJC_ARC = YES;
				CLANG_ENABLE_OBJC_WEAK = YES;
				CLANG_WARN_BLOCK_CAPTURE_AUTORELEASING = YES;
				CLANG_WARN_BOOL_CONVERSION = YES;
				CLANG_WARN_COMMA = YES;
				CLANG_WARN_CONSTANT_CONVERSION = YES;
				CLANG_WARN_DEPRECATED_OBJC_IMPLEMENTATIONS = YES;
				CLANG_WARN_DIRECT_OBJC_ISA_USAGE = YES_ERROR;
				CLANG_WARN_DOCUMENTATION_COMMENTS = YES;
				CLANG_WARN_EMPTY_BODY = YES;
				CLANG_WARN_ENUM_CONVERSION = YES;
				CLANG_WARN_INFINITE_RECURSION = YES;
				CLANG_WARN_INT_CONVERSION = YES;
				CLANG_WARN_NON_LITERAL_NULL_CONVERSION = YES;
				CLANG_WARN_OBJC_IMPLICIT_RETAIN_SELF = YES;
				CLANG_WARN_OBJC_LITERAL_CONVERSION = YES;
				CLANG_WARN_OBJC_ROOT_CLASS = YES_ERROR;
				CLANG_WARN_RANGE_LOOP_ANALYSIS = YES;
				CLANG_WARN_STRICT_PROTOTYPES = YES;
				CLANG_WARN_SUSPICIOUS_MOVE = YES;
				CLANG_WARN_UNGUARDED_AVAILABILITY = YES_AGGRESSIVE;
				CLANG_WARN_UNREACHABLE_CODE = YES;
				CLANG_WARN__DUPLICATE_METHOD_MATCH = YES;
				CODE_SIGN_IDENTITY = "iPhone Developer";
				COPY_PHASE_STRIP = NO;
				DEBUG_INFORMATION_FORMAT = "dwarf-with-dsym";
				ENABLE_NS_ASSERTIONS = NO;
				ENABLE_STRICT_OBJC_MSGSEND = YES;
				GCC_C_LANGUAGE_STANDARD = gnu11;
				GCC_NO_COMMON_BLOCKS = YES;
				GCC_WARN_64_TO_32_BIT_CONVERSION = YES;
				GCC_WARN_ABOUT_RETURN_TYPE = YES_ERROR;
				GCC_WARN_UNDECLARED_SELECTOR = YES;
				GCC_WARN_UNINITIALIZED_AUTOS = YES_AGGRESSIVE;
				GCC_WARN_UNUSED_FUNCTION = YES;
				GCC_WARN_UNUSED_VARIABLE = YES;
				IPHONEOS_DEPLOYMENT_TARGET = 12.1;
				MTL_ENABLE_DEBUG_INFO = NO;
				MTL_FAST_MATH = YES;
				SDKROOT = iphoneos;
				SWIFT_COMPILATION_MODE = wholemodule;
				SWIFT_OPTIMIZATION_LEVEL = "-O";
				VALIDATE_PRODUCT = YES;
			};
			name = Release;
		};
		B225F00E21ECB1680009EC33 /* Debug */ = {
			isa = XCBuildConfiguration;
			buildSettings = {
				ASSETCATALOG_COMPILER_APPICON_NAME = AppIcon;
				CODE_SIGN_STYLE = Automatic;
				DEVELOPMENT_TEAM = JL94BNBL3S;
				INFOPLIST_FILE = MVP/Info.plist;
				LD_RUNPATH_SEARCH_PATHS = (
					"$(inherited)",
					"@executable_path/Frameworks",
				);
				PRODUCT_BUNDLE_IDENTIFIER = ken.MVP;
				PRODUCT_NAME = "$(TARGET_NAME)";
				SWIFT_VERSION = 4.2;
				TARGETED_DEVICE_FAMILY = "1,2";
			};
			name = Debug;
		};
		B225F00F21ECB1680009EC33 /* Release */ = {
			isa = XCBuildConfiguration;
			buildSettings = {
				ASSETCATALOG_COMPILER_APPICON_NAME = AppIcon;
				CODE_SIGN_STYLE = Automatic;
				DEVELOPMENT_TEAM = JL94BNBL3S;
				INFOPLIST_FILE = MVP/Info.plist;
				LD_RUNPATH_SEARCH_PATHS = (
					"$(inherited)",
					"@executable_path/Frameworks",
				);
				PRODUCT_BUNDLE_IDENTIFIER = ken.MVP;
				PRODUCT_NAME = "$(TARGET_NAME)";
				SWIFT_VERSION = 4.2;
				TARGETED_DEVICE_FAMILY = "1,2";
			};
			name = Release;
		};
		B225F01121ECB1680009EC33 /* Debug */ = {
			isa = XCBuildConfiguration;
			buildSettings = {
				ALWAYS_EMBED_SWIFT_STANDARD_LIBRARIES = YES;
				BUNDLE_LOADER = "$(TEST_HOST)";
				CODE_SIGN_STYLE = Automatic;
				DEVELOPMENT_TEAM = JL94BNBL3S;
				INFOPLIST_FILE = MVPTests/Info.plist;
				LD_RUNPATH_SEARCH_PATHS = (
					"$(inherited)",
					"@executable_path/Frameworks",
					"@loader_path/Frameworks",
				);
				PRODUCT_BUNDLE_IDENTIFIER = ken.MVPTests;
				PRODUCT_NAME = "$(TARGET_NAME)";
				SWIFT_VERSION = 4.2;
				TARGETED_DEVICE_FAMILY = "1,2";
				TEST_HOST = "$(BUILT_PRODUCTS_DIR)/MVP.app/MVP";
			};
			name = Debug;
		};
		B225F01221ECB1680009EC33 /* Release */ = {
			isa = XCBuildConfiguration;
			buildSettings = {
				ALWAYS_EMBED_SWIFT_STANDARD_LIBRARIES = YES;
				BUNDLE_LOADER = "$(TEST_HOST)";
				CODE_SIGN_STYLE = Automatic;
				DEVELOPMENT_TEAM = JL94BNBL3S;
				INFOPLIST_FILE = MVPTests/Info.plist;
				LD_RUNPATH_SEARCH_PATHS = (
					"$(inherited)",
					"@executable_path/Frameworks",
					"@loader_path/Frameworks",
				);
				PRODUCT_BUNDLE_IDENTIFIER = ken.MVPTests;
				PRODUCT_NAME = "$(TARGET_NAME)";
				SWIFT_VERSION = 4.2;
				TARGETED_DEVICE_FAMILY = "1,2";
				TEST_HOST = "$(BUILT_PRODUCTS_DIR)/MVP.app/MVP";
			};
			name = Release;
		};
		B225F01421ECB1680009EC33 /* Debug */ = {
			isa = XCBuildConfiguration;
			buildSettings = {
				ALWAYS_EMBED_SWIFT_STANDARD_LIBRARIES = YES;
				CODE_SIGN_STYLE = Automatic;
				DEVELOPMENT_TEAM = JL94BNBL3S;
				INFOPLIST_FILE = MVPUITests/Info.plist;
				LD_RUNPATH_SEARCH_PATHS = (
					"$(inherited)",
					"@executable_path/Frameworks",
					"@loader_path/Frameworks",
				);
				PRODUCT_BUNDLE_IDENTIFIER = ken.MVPUITests;
				PRODUCT_NAME = "$(TARGET_NAME)";
				SWIFT_VERSION = 4.2;
				TARGETED_DEVICE_FAMILY = "1,2";
				TEST_TARGET_NAME = MVP;
			};
			name = Debug;
		};
		B225F01521ECB1680009EC33 /* Release */ = {
			isa = XCBuildConfiguration;
			buildSettings = {
				ALWAYS_EMBED_SWIFT_STANDARD_LIBRARIES = YES;
				CODE_SIGN_STYLE = Automatic;
				DEVELOPMENT_TEAM = JL94BNBL3S;
				INFOPLIST_FILE = MVPUITests/Info.plist;
				LD_RUNPATH_SEARCH_PATHS = (
					"$(inherited)",
					"@executable_path/Frameworks",
					"@loader_path/Frameworks",
				);
				PRODUCT_BUNDLE_IDENTIFIER = ken.MVPUITests;
				PRODUCT_NAME = "$(TARGET_NAME)";
				SWIFT_VERSION = 4.2;
				TARGETED_DEVICE_FAMILY = "1,2";
				TEST_TARGET_NAME = MVP;
			};
			name = Release;
		};
/* End XCBuildConfiguration section */

/* Begin XCConfigurationList section */
		B225EFE021ECB1650009EC33 /* Build configuration list for PBXProject "MVP" */ = {
			isa = XCConfigurationList;
			buildConfigurations = (
				B225F00B21ECB1680009EC33 /* Debug */,
				B225F00C21ECB1680009EC33 /* Release */,
			);
			defaultConfigurationIsVisible = 0;
			defaultConfigurationName = Release;
		};
		B225F00D21ECB1680009EC33 /* Build configuration list for PBXNativeTarget "MVP" */ = {
			isa = XCConfigurationList;
			buildConfigurations = (
				B225F00E21ECB1680009EC33 /* Debug */,
				B225F00F21ECB1680009EC33 /* Release */,
			);
			defaultConfigurationIsVisible = 0;
			defaultConfigurationName = Release;
		};
		B225F01021ECB1680009EC33 /* Build configuration list for PBXNativeTarget "MVPTests" */ = {
			isa = XCConfigurationList;
			buildConfigurations = (
				B225F01121ECB1680009EC33 /* Debug */,
				B225F01221ECB1680009EC33 /* Release */,
			);
			defaultConfigurationIsVisible = 0;
			defaultConfigurationName = Release;
		};
		B225F01321ECB1680009EC33 /* Build configuration list for PBXNativeTarget "MVPUITests" */ = {
			isa = XCConfigurationList;
			buildConfigurations = (
				B225F01421ECB1680009EC33 /* Debug */,
				B225F01521ECB1680009EC33 /* Release */,
			);
			defaultConfigurationIsVisible = 0;
			defaultConfigurationName = Release;
		};
/* End XCConfigurationList section */
	};
	rootObject = B225EFDD21ECB1650009EC33 /* Project object */;
}
